
Microsoft Visual Studio Solution File, Format Version 12.00
# Visual Studio Version 16
VisualStudioVersion = 16.0.31019.35
MinimumVisualStudioVersion = 10.0.40219.1
Project("{FAE04EC0-301F-11D3-BF4B-00C04F79EFBC}") = "BlazorApp2", "BlazorApp2\BlazorApp2.csproj", "{7299B9E2-CF6C-446F-BEB8-6B5AEB5EF256}"
EndProject
Global
	GlobalSection(SolutionConfigurationPlatforms) = preSolution
		Debug|Any CPU = Debug|Any CPU
		Release|Any CPU = Release|Any CPU
	EndGlobalSection
	GlobalSection(ProjectConfigurationPlatforms) = postSolution
		{7299B9E2-CF6C-446F-BEB8-6B5AEB5EF256}.Debug|Any CPU.ActiveCfg = Debug|Any CPU
		{7299B9E2-CF6C-446F-BEB8-6B5AEB5EF256}.Debug|Any CPU.Build.0 = Debug|Any CPU
		{7299B9E2-CF6C-446F-BEB8-6B5AEB5EF256}.Release|Any CPU.ActiveCfg = Release|Any CPU
		{7299B9E2-CF6C-446F-BEB8-6B5AEB5EF256}.Release|Any CPU.Build.0 = Release|Any CPU
	EndGlobalSection
	GlobalSection(SolutionProperties) = preSolution
		HideSolutionNode = FALSE
	EndGlobalSection
	GlobalSection(ExtensibilityGlobals) = postSolution
		SolutionGuid = {79C2F493-2233-4C04-A6C0-07173B671C08}
	EndGlobalSection
EndGlobal
